
Microsoft Visual Studio Solution File, Format Version 12.00
# Visual Studio Version 16
VisualStudioVersion = 16.0.30114.105
MinimumVisualStudioVersion = 10.0.40219.1
Project("{9A19103F-16F7-4668-BE54-9A1E7A4F7556}") = "Aaron.Core", "source\Aaron.Core\Aaron.Core.csproj", "{AC53DC40-FC0B-450F-A142-76D6B598CD41}"
EndProject
Project("{9A19103F-16F7-4668-BE54-9A1E7A4F7556}") = "Aaron.Automation.Cli", "source\Aaron.Automation.Cli\Aaron.Automation.Cli.csproj", "{B1774E66-1215-4F3D-810C-D4C84F2B0D36}"
EndProject
Project("{9A19103F-16F7-4668-BE54-9A1E7A4F7556}") = "Aaron.Core.Tests", "source\Aaron.Core.Tests\Aaron.Core.Tests.csproj", "{937EA98F-EF3D-45BB-ACA7-795FF3397F16}"
EndProject
Project("{9A19103F-16F7-4668-BE54-9A1E7A4F7556}") = "Aaron.Binary", "source\Aaron.Binary\Aaron.Binary.csproj", "{21190F03-CEFE-4C75-9389-EBB4489859F0}"
EndProject
Project("{2150E333-8FDC-42A3-9474-1A3956D46DE8}") = "Solution Items", "Solution Items", "{3085DD4D-F55B-417B-9ECB-F26C81C9BA3A}"
	ProjectSection(SolutionItems) = preProject
		.editorconfig = .editorconfig
		.globalconfig = .globalconfig
	EndProjectSection
EndProject
Project("{9A19103F-16F7-4668-BE54-9A1E7A4F7556}") = "Aaron.MassEffect.Core", "source\Aaron.MassEffect.Core\Aaron.MassEffect.Core.csproj", "{E54278A4-FE25-4612-86F6-B1A70C3C350F}"
EndProject
Project("{9A19103F-16F7-4668-BE54-9A1E7A4F7556}") = "Aaron.MassEffect.Coalesced", "source\Aaron.MassEffect.Coalesced\Aaron.MassEffect.Coalesced.csproj", "{348A6A23-B350-44EA-BEAE-B72B50E2329E}"
EndProject
Project("{9A19103F-16F7-4668-BE54-9A1E7A4F7556}") = "Aaron.MassEffect.CommandLine", "source\Aaron.MassEffect.CommandLine\Aaron.MassEffect.CommandLine.csproj", "{9B0ED163-2E29-467C-BE54-32D22027ACF3}"
EndProject
Project("{9A19103F-16F7-4668-BE54-9A1E7A4F7556}") = "Aaron.MassEffect.Web", "source\Aaron.MassEffect.Web\Aaron.MassEffect.Web.csproj", "{469A95B7-F13F-42BE-B17A-359302F9CCD9}"
EndProject
Project("{9A19103F-16F7-4668-BE54-9A1E7A4F7556}") = "Aaron.MassEffect.CommandLine.Tests", "source\Aaron.MassEffect.CommandLine.Tests\Aaron.MassEffect.CommandLine.Tests.csproj", "{8C461E6C-45C8-4210-9A00-E2A75EB466E1}"
EndProject
Project("{9A19103F-16F7-4668-BE54-9A1E7A4F7556}") = "Aaron.Masseffect.UnrealPackage", "source\Aaron.Masseffect.UnrealPackage\Aaron.Masseffect.UnrealPackage.csproj", "{A2D99253-E0D9-4C5F-8660-069C6153231C}"
EndProject
Global
	GlobalSection(SolutionConfigurationPlatforms) = preSolution
		Debug|Any CPU = Debug|Any CPU
		Debug|x64 = Debug|x64
		Debug|x86 = Debug|x86
		Release|Any CPU = Release|Any CPU
		Release|x64 = Release|x64
		Release|x86 = Release|x86
	EndGlobalSection
	GlobalSection(ProjectConfigurationPlatforms) = postSolution
		{AC53DC40-FC0B-450F-A142-76D6B598CD41}.Debug|Any CPU.ActiveCfg = Debug|Any CPU
		{AC53DC40-FC0B-450F-A142-76D6B598CD41}.Debug|Any CPU.Build.0 = Debug|Any CPU
		{AC53DC40-FC0B-450F-A142-76D6B598CD41}.Debug|x64.ActiveCfg = Debug|Any CPU
		{AC53DC40-FC0B-450F-A142-76D6B598CD41}.Debug|x64.Build.0 = Debug|Any CPU
		{AC53DC40-FC0B-450F-A142-76D6B598CD41}.Debug|x86.ActiveCfg = Debug|Any CPU
		{AC53DC40-FC0B-450F-A142-76D6B598CD41}.Debug|x86.Build.0 = Debug|Any CPU
		{AC53DC40-FC0B-450F-A142-76D6B598CD41}.Release|Any CPU.ActiveCfg = Release|Any CPU
		{AC53DC40-FC0B-450F-A142-76D6B598CD41}.Release|Any CPU.Build.0 = Release|Any CPU
		{AC53DC40-FC0B-450F-A142-76D6B598CD41}.Release|x64.ActiveCfg = Release|Any CPU
		{AC53DC40-FC0B-450F-A142-76D6B598CD41}.Release|x64.Build.0 = Release|Any CPU
		{AC53DC40-FC0B-450F-A142-76D6B598CD41}.Release|x86.ActiveCfg = Release|Any CPU
		{AC53DC40-FC0B-450F-A142-76D6B598CD41}.Release|x86.Build.0 = Release|Any CPU
		{B1774E66-1215-4F3D-810C-D4C84F2B0D36}.Debug|Any CPU.ActiveCfg = Debug|Any CPU
		{B1774E66-1215-4F3D-810C-D4C84F2B0D36}.Debug|Any CPU.Build.0 = Debug|Any CPU
		{B1774E66-1215-4F3D-810C-D4C84F2B0D36}.Debug|x64.ActiveCfg = Debug|Any CPU
		{B1774E66-1215-4F3D-810C-D4C84F2B0D36}.Debug|x64.Build.0 = Debug|Any CPU
		{B1774E66-1215-4F3D-810C-D4C84F2B0D36}.Debug|x86.ActiveCfg = Debug|Any CPU
		{B1774E66-1215-4F3D-810C-D4C84F2B0D36}.Debug|x86.Build.0 = Debug|Any CPU
		{B1774E66-1215-4F3D-810C-D4C84F2B0D36}.Release|Any CPU.ActiveCfg = Release|Any CPU
		{B1774E66-1215-4F3D-810C-D4C84F2B0D36}.Release|Any CPU.Build.0 = Release|Any CPU
		{B1774E66-1215-4F3D-810C-D4C84F2B0D36}.Release|x64.ActiveCfg = Release|Any CPU
		{B1774E66-1215-4F3D-810C-D4C84F2B0D36}.Release|x64.Build.0 = Release|Any CPU
		{B1774E66-1215-4F3D-810C-D4C84F2B0D36}.Release|x86.ActiveCfg = Release|Any CPU
		{B1774E66-1215-4F3D-810C-D4C84F2B0D36}.Release|x86.Build.0 = Release|Any CPU
		{937EA98F-EF3D-45BB-ACA7-795FF3397F16}.Debug|Any CPU.ActiveCfg = Debug|Any CPU
		{937EA98F-EF3D-45BB-ACA7-795FF3397F16}.Debug|Any CPU.Build.0 = Debug|Any CPU
		{937EA98F-EF3D-45BB-ACA7-795FF3397F16}.Debug|x64.ActiveCfg = Debug|Any CPU
		{937EA98F-EF3D-45BB-ACA7-795FF3397F16}.Debug|x64.Build.0 = Debug|Any CPU
		{937EA98F-EF3D-45BB-ACA7-795FF3397F16}.Debug|x86.ActiveCfg = Debug|Any CPU
		{937EA98F-EF3D-45BB-ACA7-795FF3397F16}.Debug|x86.Build.0 = Debug|Any CPU
		{937EA98F-EF3D-45BB-ACA7-795FF3397F16}.Release|Any CPU.ActiveCfg = Release|Any CPU
		{937EA98F-EF3D-45BB-ACA7-795FF3397F16}.Release|Any CPU.Build.0 = Release|Any CPU
		{937EA98F-EF3D-45BB-ACA7-795FF3397F16}.Release|x64.ActiveCfg = Release|Any CPU
		{937EA98F-EF3D-45BB-ACA7-795FF3397F16}.Release|x64.Build.0 = Release|Any CPU
		{937EA98F-EF3D-45BB-ACA7-795FF3397F16}.Release|x86.ActiveCfg = Release|Any CPU
		{937EA98F-EF3D-45BB-ACA7-795FF3397F16}.Release|x86.Build.0 = Release|Any CPU
		{21190F03-CEFE-4C75-9389-EBB4489859F0}.Debug|Any CPU.ActiveCfg = Debug|Any CPU
		{21190F03-CEFE-4C75-9389-EBB4489859F0}.Debug|Any CPU.Build.0 = Debug|Any CPU
		{21190F03-CEFE-4C75-9389-EBB4489859F0}.Debug|x64.ActiveCfg = Debug|Any CPU
		{21190F03-CEFE-4C75-9389-EBB4489859F0}.Debug|x64.Build.0 = Debug|Any CPU
		{21190F03-CEFE-4C75-9389-EBB4489859F0}.Debug|x86.ActiveCfg = Debug|Any CPU
		{21190F03-CEFE-4C75-9389-EBB4489859F0}.Debug|x86.Build.0 = Debug|Any CPU
		{21190F03-CEFE-4C75-9389-EBB4489859F0}.Release|Any CPU.ActiveCfg = Release|Any CPU
		{21190F03-CEFE-4C75-9389-EBB4489859F0}.Release|Any CPU.Build.0 = Release|Any CPU
		{21190F03-CEFE-4C75-9389-EBB4489859F0}.Release|x64.ActiveCfg = Release|Any CPU
		{21190F03-CEFE-4C75-9389-EBB4489859F0}.Release|x64.Build.0 = Release|Any CPU
		{21190F03-CEFE-4C75-9389-EBB4489859F0}.Release|x86.ActiveCfg = Release|Any CPU
		{21190F03-CEFE-4C75-9389-EBB4489859F0}.Release|x86.Build.0 = Release|Any CPU
		{E54278A4-FE25-4612-86F6-B1A70C3C350F}.Debug|Any CPU.ActiveCfg = Debug|Any CPU
		{E54278A4-FE25-4612-86F6-B1A70C3C350F}.Debug|Any CPU.Build.0 = Debug|Any CPU
		{E54278A4-FE25-4612-86F6-B1A70C3C350F}.Debug|x64.ActiveCfg = Debug|Any CPU
		{E54278A4-FE25-4612-86F6-B1A70C3C350F}.Debug|x64.Build.0 = Debug|Any CPU
		{E54278A4-FE25-4612-86F6-B1A70C3C350F}.Debug|x86.ActiveCfg = Debug|Any CPU
		{E54278A4-FE25-4612-86F6-B1A70C3C350F}.Debug|x86.Build.0 = Debug|Any CPU
		{E54278A4-FE25-4612-86F6-B1A70C3C350F}.Release|Any CPU.ActiveCfg = Release|Any CPU
		{E54278A4-FE25-4612-86F6-B1A70C3C350F}.Release|Any CPU.Build.0 = Release|Any CPU
		{E54278A4-FE25-4612-86F6-B1A70C3C350F}.Release|x64.ActiveCfg = Release|Any CPU
		{E54278A4-FE25-4612-86F6-B1A70C3C350F}.Release|x64.Build.0 = Release|Any CPU
		{E54278A4-FE25-4612-86F6-B1A70C3C350F}.Release|x86.ActiveCfg = Release|Any CPU
		{E54278A4-FE25-4612-86F6-B1A70C3C350F}.Release|x86.Build.0 = Release|Any CPU
		{348A6A23-B350-44EA-BEAE-B72B50E2329E}.Debug|Any CPU.ActiveCfg = Debug|Any CPU
		{348A6A23-B350-44EA-BEAE-B72B50E2329E}.Debug|Any CPU.Build.0 = Debug|Any CPU
		{348A6A23-B350-44EA-BEAE-B72B50E2329E}.Debug|x64.ActiveCfg = Debug|Any CPU
		{348A6A23-B350-44EA-BEAE-B72B50E2329E}.Debug|x64.Build.0 = Debug|Any CPU
		{348A6A23-B350-44EA-BEAE-B72B50E2329E}.Debug|x86.ActiveCfg = Debug|Any CPU
		{348A6A23-B350-44EA-BEAE-B72B50E2329E}.Debug|x86.Build.0 = Debug|Any CPU
		{348A6A23-B350-44EA-BEAE-B72B50E2329E}.Release|Any CPU.ActiveCfg = Release|Any CPU
		{348A6A23-B350-44EA-BEAE-B72B50E2329E}.Release|Any CPU.Build.0 = Release|Any CPU
		{348A6A23-B350-44EA-BEAE-B72B50E2329E}.Release|x64.ActiveCfg = Release|Any CPU
		{348A6A23-B350-44EA-BEAE-B72B50E2329E}.Release|x64.Build.0 = Release|Any CPU
		{348A6A23-B350-44EA-BEAE-B72B50E2329E}.Release|x86.ActiveCfg = Release|Any CPU
		{348A6A23-B350-44EA-BEAE-B72B50E2329E}.Release|x86.Build.0 = Release|Any CPU
		{9B0ED163-2E29-467C-BE54-32D22027ACF3}.Debug|Any CPU.ActiveCfg = Debug|Any CPU
		{9B0ED163-2E29-467C-BE54-32D22027ACF3}.Debug|Any CPU.Build.0 = Debug|Any CPU
		{9B0ED163-2E29-467C-BE54-32D22027ACF3}.Debug|x64.ActiveCfg = Debug|Any CPU
		{9B0ED163-2E29-467C-BE54-32D22027ACF3}.Debug|x64.Build.0 = Debug|Any CPU
		{9B0ED163-2E29-467C-BE54-32D22027ACF3}.Debug|x86.ActiveCfg = Debug|Any CPU
		{9B0ED163-2E29-467C-BE54-32D22027ACF3}.Debug|x86.Build.0 = Debug|Any CPU
		{9B0ED163-2E29-467C-BE54-32D22027ACF3}.Release|Any CPU.ActiveCfg = Release|Any CPU
		{9B0ED163-2E29-467C-BE54-32D22027ACF3}.Release|Any CPU.Build.0 = Release|Any CPU
		{9B0ED163-2E29-467C-BE54-32D22027ACF3}.Release|x64.ActiveCfg = Release|Any CPU
		{9B0ED163-2E29-467C-BE54-32D22027ACF3}.Release|x64.Build.0 = Release|Any CPU
		{9B0ED163-2E29-467C-BE54-32D22027ACF3}.Release|x86.ActiveCfg = Release|Any CPU
		{9B0ED163-2E29-467C-BE54-32D22027ACF3}.Release|x86.Build.0 = Release|Any CPU
		{469A95B7-F13F-42BE-B17A-359302F9CCD9}.Debug|Any CPU.ActiveCfg = Debug|Any CPU
		{469A95B7-F13F-42BE-B17A-359302F9CCD9}.Debug|Any CPU.Build.0 = Debug|Any CPU
		{469A95B7-F13F-42BE-B17A-359302F9CCD9}.Debug|x64.ActiveCfg = Debug|Any CPU
		{469A95B7-F13F-42BE-B17A-359302F9CCD9}.Debug|x64.Build.0 = Debug|Any CPU
		{469A95B7-F13F-42BE-B17A-359302F9CCD9}.Debug|x86.ActiveCfg = Debug|Any CPU
		{469A95B7-F13F-42BE-B17A-359302F9CCD9}.Debug|x86.Build.0 = Debug|Any CPU
		{469A95B7-F13F-42BE-B17A-359302F9CCD9}.Release|Any CPU.ActiveCfg = Release|Any CPU
		{469A95B7-F13F-42BE-B17A-359302F9CCD9}.Release|Any CPU.Build.0 = Release|Any CPU
		{469A95B7-F13F-42BE-B17A-359302F9CCD9}.Release|x64.ActiveCfg = Release|Any CPU
		{469A95B7-F13F-42BE-B17A-359302F9CCD9}.Release|x64.Build.0 = Release|Any CPU
		{469A95B7-F13F-42BE-B17A-359302F9CCD9}.Release|x86.ActiveCfg = Release|Any CPU
		{469A95B7-F13F-42BE-B17A-359302F9CCD9}.Release|x86.Build.0 = Release|Any CPU
		{8C461E6C-45C8-4210-9A00-E2A75EB466E1}.Debug|Any CPU.ActiveCfg = Debug|Any CPU
		{8C461E6C-45C8-4210-9A00-E2A75EB466E1}.Debug|Any CPU.Build.0 = Debug|Any CPU
		{8C461E6C-45C8-4210-9A00-E2A75EB466E1}.Debug|x64.ActiveCfg = Debug|Any CPU
		{8C461E6C-45C8-4210-9A00-E2A75EB466E1}.Debug|x64.Build.0 = Debug|Any CPU
		{8C461E6C-45C8-4210-9A00-E2A75EB466E1}.Debug|x86.ActiveCfg = Debug|Any CPU
		{8C461E6C-45C8-4210-9A00-E2A75EB466E1}.Debug|x86.Build.0 = Debug|Any CPU
		{8C461E6C-45C8-4210-9A00-E2A75EB466E1}.Release|Any CPU.ActiveCfg = Release|Any CPU
		{8C461E6C-45C8-4210-9A00-E2A75EB466E1}.Release|Any CPU.Build.0 = Release|Any CPU
		{8C461E6C-45C8-4210-9A00-E2A75EB466E1}.Release|x64.ActiveCfg = Release|Any CPU
		{8C461E6C-45C8-4210-9A00-E2A75EB466E1}.Release|x64.Build.0 = Release|Any CPU
		{8C461E6C-45C8-4210-9A00-E2A75EB466E1}.Release|x86.ActiveCfg = Release|Any CPU
		{8C461E6C-45C8-4210-9A00-E2A75EB466E1}.Release|x86.Build.0 = Release|Any CPU
		{A2D99253-E0D9-4C5F-8660-069C6153231C}.Debug|Any CPU.ActiveCfg = Debug|Any CPU
		{A2D99253-E0D9-4C5F-8660-069C6153231C}.Debug|Any CPU.Build.0 = Debug|Any CPU
		{A2D99253-E0D9-4C5F-8660-069C6153231C}.Debug|x64.ActiveCfg = Debug|Any CPU
		{A2D99253-E0D9-4C5F-8660-069C6153231C}.Debug|x64.Build.0 = Debug|Any CPU
		{A2D99253-E0D9-4C5F-8660-069C6153231C}.Debug|x86.ActiveCfg = Debug|Any CPU
		{A2D99253-E0D9-4C5F-8660-069C6153231C}.Debug|x86.Build.0 = Debug|Any CPU
		{A2D99253-E0D9-4C5F-8660-069C6153231C}.Release|Any CPU.ActiveCfg = Release|Any CPU
		{A2D99253-E0D9-4C5F-8660-069C6153231C}.Release|Any CPU.Build.0 = Release|Any CPU
		{A2D99253-E0D9-4C5F-8660-069C6153231C}.Release|x64.ActiveCfg = Release|Any CPU
		{A2D99253-E0D9-4C5F-8660-069C6153231C}.Release|x64.Build.0 = Release|Any CPU
		{A2D99253-E0D9-4C5F-8660-069C6153231C}.Release|x86.ActiveCfg = Release|Any CPU
		{A2D99253-E0D9-4C5F-8660-069C6153231C}.Release|x86.Build.0 = Release|Any CPU
	EndGlobalSection
	GlobalSection(SolutionProperties) = preSolution
		HideSolutionNode = FALSE
	EndGlobalSection
	GlobalSection(ExtensibilityGlobals) = postSolution
		SolutionGuid = {3D1DF431-2EED-4919-B262-72068A389174}
	EndGlobalSection
EndGlobal
